
Microsoft Visual Studio Solution File, Format Version 12.00
# Visual Studio Version 17
VisualStudioVersion = 17.7.34221.43
MinimumVisualStudioVersion = 10.0.40219.1
Project("{9A19103F-16F7-4668-BE54-9A1E7A4F7556}") = "CarRentalManagement.Server", "CarRentalManagement\Server\CarRentalManagement.Server.csproj", "{8B4EEF8C-B31E-4146-8302-5672DDEF1F78}"
EndProject
Project("{9A19103F-16F7-4668-BE54-9A1E7A4F7556}") = "CarRentalManagement.Client", "CarRentalManagement\Client\CarRentalManagement.Client.csproj", "{65677FD0-76E3-45DC-B878-DFFD9FC8B48F}"
EndProject
Project("{9A19103F-16F7-4668-BE54-9A1E7A4F7556}") = "CarRentalManagement.Shared", "CarRentalManagement\Shared\CarRentalManagement.Shared.csproj", "{D8CBC415-FACD-483A-B69B-EA52C4EDDA67}"
EndProject
Global
	GlobalSection(SolutionConfigurationPlatforms) = preSolution
		Debug|Any CPU = Debug|Any CPU
		Release|Any CPU = Release|Any CPU
	EndGlobalSection
	GlobalSection(ProjectConfigurationPlatforms) = postSolution
		{8B4EEF8C-B31E-4146-8302-5672DDEF1F78}.Debug|Any CPU.ActiveCfg = Debug|Any CPU
		{8B4EEF8C-B31E-4146-8302-5672DDEF1F78}.Debug|Any CPU.Build.0 = Debug|Any CPU
		{8B4EEF8C-B31E-4146-8302-5672DDEF1F78}.Release|Any CPU.ActiveCfg = Release|Any CPU
		{8B4EEF8C-B31E-4146-8302-5672DDEF1F78}.Release|Any CPU.Build.0 = Release|Any CPU
		{65677FD0-76E3-45DC-B878-DFFD9FC8B48F}.Debug|Any CPU.ActiveCfg = Debug|Any CPU
		{65677FD0-76E3-45DC-B878-DFFD9FC8B48F}.Debug|Any CPU.Build.0 = Debug|Any CPU
		{65677FD0-76E3-45DC-B878-DFFD9FC8B48F}.Release|Any CPU.ActiveCfg = Release|Any CPU
		{65677FD0-76E3-45DC-B878-DFFD9FC8B48F}.Release|Any CPU.Build.0 = Release|Any CPU
		{D8CBC415-FACD-483A-B69B-EA52C4EDDA67}.Debug|Any CPU.ActiveCfg = Debug|Any CPU
		{D8CBC415-FACD-483A-B69B-EA52C4EDDA67}.Debug|Any CPU.Build.0 = Debug|Any CPU
		{D8CBC415-FACD-483A-B69B-EA52C4EDDA67}.Release|Any CPU.ActiveCfg = Release|Any CPU
		{D8CBC415-FACD-483A-B69B-EA52C4EDDA67}.Release|Any CPU.Build.0 = Release|Any CPU
	EndGlobalSection
	GlobalSection(SolutionProperties) = preSolution
		HideSolutionNode = FALSE
	EndGlobalSection
	GlobalSection(ExtensibilityGlobals) = postSolution
		SolutionGuid = {1AD1A092-690D-4A13-A45F-54F3427DF11F}
	EndGlobalSection
EndGlobal
